
Microsoft Visual Studio Solution File, Format Version 12.00
# Visual Studio Version 17
VisualStudioVersion = 17.11.35219.272
MinimumVisualStudioVersion = 10.0.40219.1
Project("{9A19103F-16F7-4668-BE54-9A1E7A4F7556}") = "Fantasy.Backend", "Fantasy.Backend\Fantasy.Backend.csproj", "{89633AB9-4B5F-4B77-94E2-F37D8FAB0054}"
EndProject
Project("{9A19103F-16F7-4668-BE54-9A1E7A4F7556}") = "Fantasy.Frontend", "Fantasy.Frontend\Fantasy.Frontend.csproj", "{49675056-CF27-4E69-AE8E-07DE8ABFFB9C}"
EndProject
Project("{9A19103F-16F7-4668-BE54-9A1E7A4F7556}") = "Fantasy.Shared", "Fantasy.Shared\Fantasy.Shared.csproj", "{FFAE35B2-677A-407A-9947-D3EB6729241E}"
EndProject
Project("{9A19103F-16F7-4668-BE54-9A1E7A4F7556}") = "Fantasy.Tests", "Fantasy.Tests\Fantasy.Tests.csproj", "{D0EA2D8B-8556-4BD6-AE6F-226E7F9674CB}"
EndProject
Global
	GlobalSection(SolutionConfigurationPlatforms) = preSolution
		Debug|Any CPU = Debug|Any CPU
		Release|Any CPU = Release|Any CPU
	EndGlobalSection
	GlobalSection(ProjectConfigurationPlatforms) = postSolution
		{89633AB9-4B5F-4B77-94E2-F37D8FAB0054}.Debug|Any CPU.ActiveCfg = Debug|Any CPU
		{89633AB9-4B5F-4B77-94E2-F37D8FAB0054}.Debug|Any CPU.Build.0 = Debug|Any CPU
		{89633AB9-4B5F-4B77-94E2-F37D8FAB0054}.Release|Any CPU.ActiveCfg = Release|Any CPU
		{89633AB9-4B5F-4B77-94E2-F37D8FAB0054}.Release|Any CPU.Build.0 = Release|Any CPU
		{49675056-CF27-4E69-AE8E-07DE8ABFFB9C}.Debug|Any CPU.ActiveCfg = Debug|Any CPU
		{49675056-CF27-4E69-AE8E-07DE8ABFFB9C}.Debug|Any CPU.Build.0 = Debug|Any CPU
		{49675056-CF27-4E69-AE8E-07DE8ABFFB9C}.Release|Any CPU.ActiveCfg = Release|Any CPU
		{49675056-CF27-4E69-AE8E-07DE8ABFFB9C}.Release|Any CPU.Build.0 = Release|Any CPU
		{FFAE35B2-677A-407A-9947-D3EB6729241E}.Debug|Any CPU.ActiveCfg = Debug|Any CPU
		{FFAE35B2-677A-407A-9947-D3EB6729241E}.Debug|Any CPU.Build.0 = Debug|Any CPU
		{FFAE35B2-677A-407A-9947-D3EB6729241E}.Release|Any CPU.ActiveCfg = Release|Any CPU
		{FFAE35B2-677A-407A-9947-D3EB6729241E}.Release|Any CPU.Build.0 = Release|Any CPU
		{D0EA2D8B-8556-4BD6-AE6F-226E7F9674CB}.Debug|Any CPU.ActiveCfg = Debug|Any CPU
		{D0EA2D8B-8556-4BD6-AE6F-226E7F9674CB}.Debug|Any CPU.Build.0 = Debug|Any CPU
		{D0EA2D8B-8556-4BD6-AE6F-226E7F9674CB}.Release|Any CPU.ActiveCfg = Release|Any CPU
		{D0EA2D8B-8556-4BD6-AE6F-226E7F9674CB}.Release|Any CPU.Build.0 = Release|Any CPU
	EndGlobalSection
	GlobalSection(SolutionProperties) = preSolution
		HideSolutionNode = FALSE
	EndGlobalSection
	GlobalSection(ExtensibilityGlobals) = postSolution
		SolutionGuid = {9C399ECB-D7D9-4269-9B95-62E0D532F892}
	EndGlobalSection
EndGlobal
